
Microsoft Visual Studio Solution File, Format Version 12.00
# Visual Studio Version 17
VisualStudioVersion = 17.8.34511.84
MinimumVisualStudioVersion = 10.0.40219.1
Project("{FAE04EC0-301F-11D3-BF4B-00C04F79EFBC}") = "amalgama_App", "amalgama_App.csproj", "{497A93E3-77E0-494E-A9BE-576F42234690}"
EndProject
Global
	GlobalSection(SolutionConfigurationPlatforms) = preSolution
		Debug|Any CPU = Debug|Any CPU
		Release|Any CPU = Release|Any CPU
	EndGlobalSection
	GlobalSection(ProjectConfigurationPlatforms) = postSolution
		{497A93E3-77E0-494E-A9BE-576F42234690}.Debug|Any CPU.ActiveCfg = Debug|Any CPU
		{497A93E3-77E0-494E-A9BE-576F42234690}.Debug|Any CPU.Build.0 = Debug|Any CPU
		{497A93E3-77E0-494E-A9BE-576F42234690}.Release|Any CPU.ActiveCfg = Release|Any CPU
		{497A93E3-77E0-494E-A9BE-576F42234690}.Release|Any CPU.Build.0 = Release|Any CPU
	EndGlobalSection
	GlobalSection(SolutionProperties) = preSolution
		HideSolutionNode = FALSE
	EndGlobalSection
	GlobalSection(ExtensibilityGlobals) = postSolution
		SolutionGuid = {DC46DFE5-091C-4D80-A815-AAF6A9154758}
	EndGlobalSection
EndGlobal
